
Microsoft Visual Studio Solution File, Format Version 12.00
# Visual Studio Version 17
VisualStudioVersion = 17.0.32112.339
MinimumVisualStudioVersion = 10.0.40219.1
Project("{FAE04EC0-301F-11D3-BF4B-00C04F79EFBC}") = "TestServerWebApp", "TestServerWebApp\TestServerWebApp.csproj", "{95C01272-417E-4D24-8E10-7E2A73207EB5}"
EndProject
Project("{FAE04EC0-301F-11D3-BF4B-00C04F79EFBC}") = "TestServerSample", "TestServerSample\TestServerSample.csproj", "{C3455C61-FF47-410F-B1A6-9AD11ED7D106}"
EndProject
Global
	GlobalSection(SolutionConfigurationPlatforms) = preSolution
		Debug|Any CPU = Debug|Any CPU
		Release|Any CPU = Release|Any CPU
	EndGlobalSection
	GlobalSection(ProjectConfigurationPlatforms) = postSolution
		{95C01272-417E-4D24-8E10-7E2A73207EB5}.Debug|Any CPU.ActiveCfg = Debug|Any CPU
		{95C01272-417E-4D24-8E10-7E2A73207EB5}.Debug|Any CPU.Build.0 = Debug|Any CPU
		{95C01272-417E-4D24-8E10-7E2A73207EB5}.Release|Any CPU.ActiveCfg = Release|Any CPU
		{95C01272-417E-4D24-8E10-7E2A73207EB5}.Release|Any CPU.Build.0 = Release|Any CPU
		{C3455C61-FF47-410F-B1A6-9AD11ED7D106}.Debug|Any CPU.ActiveCfg = Debug|Any CPU
		{C3455C61-FF47-410F-B1A6-9AD11ED7D106}.Debug|Any CPU.Build.0 = Debug|Any CPU
		{C3455C61-FF47-410F-B1A6-9AD11ED7D106}.Release|Any CPU.ActiveCfg = Release|Any CPU
		{C3455C61-FF47-410F-B1A6-9AD11ED7D106}.Release|Any CPU.Build.0 = Release|Any CPU
	EndGlobalSection
	GlobalSection(SolutionProperties) = preSolution
		HideSolutionNode = FALSE
	EndGlobalSection
	GlobalSection(ExtensibilityGlobals) = postSolution
		SolutionGuid = {0B1CA626-58FA-4AD9-B4F6-6D3700190846}
	EndGlobalSection
EndGlobal
